// !$*UTF8*$!
{
	archiveVersion = 1;
	classes = {
	};
	objectVersion = 50;
	objects = {

/* Begin PBXBuildFile section */
		04116DC52383ED0300D8BA48 /* WKUrlToModelTransform.m in Sources */ = {isa = PBXBuildFile; fileRef = 04116DC42383ED0300D8BA48 /* WKUrlToModelTransform.m */; };
		04116DC8238525FB00D8BA48 /* ColorUtils.m in Sources */ = {isa = PBXBuildFile; fileRef = 04116DC7238525FA00D8BA48 /* ColorUtils.m */; };
		0437E80C2368044F00C8B885 /* VideoReCoderTool.m in Sources */ = {isa = PBXBuildFile; fileRef = 0437E80B2368044F00C8B885 /* VideoReCoderTool.m */; };
		045A28BE2373BF750012EB28 /* WKDownLoadManager.m in Sources */ = {isa = PBXBuildFile; fileRef = 045A28BD2373BF750012EB28 /* WKDownLoadManager.m */; };
		045A28C12373BFA90012EB28 /* WKDownLoadTask.m in Sources */ = {isa = PBXBuildFile; fileRef = 045A28C02373BFA90012EB28 /* WKDownLoadTask.m */; };
		046C63B123716668009BFE4A /* YoutubeViewController.m in Sources */ = {isa = PBXBuildFile; fileRef = 046C63B023716668009BFE4A /* YoutubeViewController.m */; };
		048120A9237195D200B4056D /* YoutubeFormatCell.m in Sources */ = {isa = PBXBuildFile; fileRef = 048120A8237195D200B4056D /* YoutubeFormatCell.m */; };
		048FFD0A235884BF00AC61EF /* DownloadProgressViewController.m in Sources */ = {isa = PBXBuildFile; fileRef = 048FFD09235884BF00AC61EF /* DownloadProgressViewController.m */; };
		04A78E17235831CE000E1A58 /* InstagramViewController.m in Sources */ = {isa = PBXBuildFile; fileRef = 04A78E16235831CE000E1A58 /* InstagramViewController.m */; };
		04C803122351A069005464B5 /* AppDelegate.m in Sources */ = {isa = PBXBuildFile; fileRef = 04C803112351A069005464B5 /* AppDelegate.m */; };
		04C8031B2351A069005464B5 /* Main.storyboard in Resources */ = {isa = PBXBuildFile; fileRef = 04C803192351A069005464B5 /* Main.storyboard */; };
		04C8031D2351A06B005464B5 /* Assets.xcassets in Resources */ = {isa = PBXBuildFile; fileRef = 04C8031C2351A06B005464B5 /* Assets.xcassets */; };
		04C803202351A06B005464B5 /* LaunchScreen.storyboard in Resources */ = {isa = PBXBuildFile; fileRef = 04C8031E2351A06B005464B5 /* LaunchScreen.storyboard */; };
		04C803232351A06B005464B5 /* main.m in Sources */ = {isa = PBXBuildFile; fileRef = 04C803222351A06B005464B5 /* main.m */; };
		04C8032D2351A06C005464B5 /* InsgramDownLoaderTests.m in Sources */ = {isa = PBXBuildFile; fileRef = 04C8032C2351A06C005464B5 /* InsgramDownLoaderTests.m */; };
		04C803382351A06C005464B5 /* InsgramDownLoaderUITests.m in Sources */ = {isa = PBXBuildFile; fileRef = 04C803372351A06C005464B5 /* InsgramDownLoaderUITests.m */; };
		04C803472351A5FE005464B5 /* ToastView.m in Sources */ = {isa = PBXBuildFile; fileRef = 04C803462351A5FE005464B5 /* ToastView.m */; };
		04C803502351CD5C005464B5 /* MissionCell.m in Sources */ = {isa = PBXBuildFile; fileRef = 04C8034F2351CD5C005464B5 /* MissionCell.m */; };
		04E03DBE236938720047FC43 /* PhotosTool.m in Sources */ = {isa = PBXBuildFile; fileRef = 04E03DBD236938720047FC43 /* PhotosTool.m */; };
/* End PBXBuildFile section */

/* Begin PBXContainerItemProxy section */
		04C803292351A06B005464B5 /* PBXContainerItemProxy */ = {
			isa = PBXContainerItemProxy;
			containerPortal = 04C803052351A068005464B5 /* Project object */;
			proxyType = 1;
			remoteGlobalIDString = 04C8030C2351A069005464B5;
			remoteInfo = InsgramDownLoader;
		};
		04C803342351A06C005464B5 /* PBXContainerItemProxy */ = {
			isa = PBXContainerItemProxy;
			containerPortal = 04C803052351A068005464B5 /* Project object */;
			proxyType = 1;
			remoteGlobalIDString = 04C8030C2351A069005464B5;
			remoteInfo = InsgramDownLoader;
		};
/* End PBXContainerItemProxy section */

/* Begin PBXFileReference section */
		04116DC32383ED0300D8BA48 /* WKUrlToModelTransform.h */ = {isa = PBXFileReference; lastKnownFileType = sourcecode.c.h; path = WKUrlToModelTransform.h; sourceTree = "<group>"; };
		04116DC42383ED0300D8BA48 /* WKUrlToModelTransform.m */ = {isa = PBXFileReference; lastKnownFileType = sourcecode.c.objc; path = WKUrlToModelTransform.m; sourceTree = "<group>"; };
		04116DC6238525FA00D8BA48 /* ColorUtils.h */ = {isa = PBXFileReference; lastKnownFileType = sourcecode.c.h; path = ColorUtils.h; sourceTree = "<group>"; };
		04116DC7238525FA00D8BA48 /* ColorUtils.m */ = {isa = PBXFileReference; lastKnownFileType = sourcecode.c.objc; path = ColorUtils.m; sourceTree = "<group>"; };
		0437E80A2368044F00C8B885 /* VideoReCoderTool.h */ = {isa = PBXFileReference; lastKnownFileType = sourcecode.c.h; path = VideoReCoderTool.h; sourceTree = "<group>"; };
		0437E80B2368044F00C8B885 /* VideoReCoderTool.m */ = {isa = PBXFileReference; lastKnownFileType = sourcecode.c.objc; path = VideoReCoderTool.m; sourceTree = "<group>"; };
		045A28BC2373BF750012EB28 /* WKDownLoadManager.h */ = {isa = PBXFileReference; lastKnownFileType = sourcecode.c.h; path = WKDownLoadManager.h; sourceTree = "<group>"; };
		045A28BD2373BF750012EB28 /* WKDownLoadManager.m */ = {isa = PBXFileReference; lastKnownFileType = sourcecode.c.objc; path = WKDownLoadManager.m; sourceTree = "<group>"; };
		045A28BF2373BFA90012EB28 /* WKDownLoadTask.h */ = {isa = PBXFileReference; lastKnownFileType = sourcecode.c.h; path = WKDownLoadTask.h; sourceTree = "<group>"; };
		045A28C02373BFA90012EB28 /* WKDownLoadTask.m */ = {isa = PBXFileReference; lastKnownFileType = sourcecode.c.objc; path = WKDownLoadTask.m; sourceTree = "<group>"; };
		046C63AF23716668009BFE4A /* YoutubeViewController.h */ = {isa = PBXFileReference; lastKnownFileType = sourcecode.c.h; path = YoutubeViewController.h; sourceTree = "<group>"; };
		046C63B023716668009BFE4A /* YoutubeViewController.m */ = {isa = PBXFileReference; lastKnownFileType = sourcecode.c.objc; path = YoutubeViewController.m; sourceTree = "<group>"; };
		048120A7237195D200B4056D /* YoutubeFormatCell.h */ = {isa = PBXFileReference; lastKnownFileType = sourcecode.c.h; path = YoutubeFormatCell.h; sourceTree = "<group>"; };
		048120A8237195D200B4056D /* YoutubeFormatCell.m */ = {isa = PBXFileReference; lastKnownFileType = sourcecode.c.objc; path = YoutubeFormatCell.m; sourceTree = "<group>"; };
		048FFD08235884BF00AC61EF /* DownloadProgressViewController.h */ = {isa = PBXFileReference; lastKnownFileType = sourcecode.c.h; path = DownloadProgressViewController.h; sourceTree = "<group>"; };
		048FFD09235884BF00AC61EF /* DownloadProgressViewController.m */ = {isa = PBXFileReference; lastKnownFileType = sourcecode.c.objc; path = DownloadProgressViewController.m; sourceTree = "<group>"; };
		04A78E15235831CE000E1A58 /* InstagramViewController.h */ = {isa = PBXFileReference; lastKnownFileType = sourcecode.c.h; path = InstagramViewController.h; sourceTree = "<group>"; };
		04A78E16235831CE000E1A58 /* InstagramViewController.m */ = {isa = PBXFileReference; lastKnownFileType = sourcecode.c.objc; path = InstagramViewController.m; sourceTree = "<group>"; };
		04C8030D2351A069005464B5 /* InsgramDownLoader.app */ = {isa = PBXFileReference; explicitFileType = wrapper.application; includeInIndex = 0; path = InsgramDownLoader.app; sourceTree = BUILT_PRODUCTS_DIR; };
		04C803102351A069005464B5 /* AppDelegate.h */ = {isa = PBXFileReference; lastKnownFileType = sourcecode.c.h; path = AppDelegate.h; sourceTree = "<group>"; };
		04C803112351A069005464B5 /* AppDelegate.m */ = {isa = PBXFileReference; lastKnownFileType = sourcecode.c.objc; path = AppDelegate.m; sourceTree = "<group>"; };
		04C8031A2351A069005464B5 /* Base */ = {isa = PBXFileReference; lastKnownFileType = file.storyboard; name = Base; path = Base.lproj/Main.storyboard; sourceTree = "<group>"; };
		04C8031C2351A06B005464B5 /* Assets.xcassets */ = {isa = PBXFileReference; lastKnownFileType = folder.assetcatalog; path = Assets.xcassets; sourceTree = "<group>"; };
		04C8031F2351A06B005464B5 /* Base */ = {isa = PBXFileReference; lastKnownFileType = file.storyboard; name = Base; path = Base.lproj/LaunchScreen.storyboard; sourceTree = "<group>"; };
		04C803212351A06B005464B5 /* Info.plist */ = {isa = PBXFileReference; lastKnownFileType = text.plist.xml; path = Info.plist; sourceTree = "<group>"; };
		04C803222351A06B005464B5 /* main.m */ = {isa = PBXFileReference; lastKnownFileType = sourcecode.c.objc; path = main.m; sourceTree = "<group>"; };
		04C803282351A06B005464B5 /* InsgramDownLoaderTests.xctest */ = {isa = PBXFileReference; explicitFileType = wrapper.cfbundle; includeInIndex = 0; path = InsgramDownLoaderTests.xctest; sourceTree = BUILT_PRODUCTS_DIR; };
		04C8032C2351A06C005464B5 /* InsgramDownLoaderTests.m */ = {isa = PBXFileReference; lastKnownFileType = sourcecode.c.objc; path = InsgramDownLoaderTests.m; sourceTree = "<group>"; };
		04C8032E2351A06C005464B5 /* Info.plist */ = {isa = PBXFileReference; lastKnownFileType = text.plist.xml; path = Info.plist; sourceTree = "<group>"; };
		04C803332351A06C005464B5 /* InsgramDownLoaderUITests.xctest */ = {isa = PBXFileReference; explicitFileType = wrapper.cfbundle; includeInIndex = 0; path = InsgramDownLoaderUITests.xctest; sourceTree = BUILT_PRODUCTS_DIR; };
		04C803372351A06C005464B5 /* InsgramDownLoaderUITests.m */ = {isa = PBXFileReference; lastKnownFileType = sourcecode.c.objc; path = InsgramDownLoaderUITests.m; sourceTree = "<group>"; };
		04C803392351A06C005464B5 /* Info.plist */ = {isa = PBXFileReference; lastKnownFileType = text.plist.xml; path = Info.plist; sourceTree = "<group>"; };
		04C803452351A5FE005464B5 /* ToastView.h */ = {isa = PBXFileReference; lastKnownFileType = sourcecode.c.h; path = ToastView.h; sourceTree = "<group>"; };
		04C803462351A5FE005464B5 /* ToastView.m */ = {isa = PBXFileReference; lastKnownFileType = sourcecode.c.objc; path = ToastView.m; sourceTree = "<group>"; };
		04C8034E2351CD5C005464B5 /* MissionCell.h */ = {isa = PBXFileReference; lastKnownFileType = sourcecode.c.h; path = MissionCell.h; sourceTree = "<group>"; };
		04C8034F2351CD5C005464B5 /* MissionCell.m */ = {isa = PBXFileReference; lastKnownFileType = sourcecode.c.objc; path = MissionCell.m; sourceTree = "<group>"; };
		04E03DBC236938720047FC43 /* PhotosTool.h */ = {isa = PBXFileReference; lastKnownFileType = sourcecode.c.h; path = PhotosTool.h; sourceTree = "<group>"; };
		04E03DBD236938720047FC43 /* PhotosTool.m */ = {isa = PBXFileReference; lastKnownFileType = sourcecode.c.objc; path = PhotosTool.m; sourceTree = "<group>"; };
/* End PBXFileReference section */

/* Begin PBXFrameworksBuildPhase section */
		04C8030A2351A069005464B5 /* Frameworks */ = {
			isa = PBXFrameworksBuildPhase;
			buildActionMask = 2147483647;
			files = (
			);
			runOnlyForDeploymentPostprocessing = 0;
		};
		04C803252351A06B005464B5 /* Frameworks */ = {
			isa = PBXFrameworksBuildPhase;
			buildActionMask = 2147483647;
			files = (
			);
			runOnlyForDeploymentPostprocessing = 0;
		};
		04C803302351A06C005464B5 /* Frameworks */ = {
			isa = PBXFrameworksBuildPhase;
			buildActionMask = 2147483647;
			files = (
			);
			runOnlyForDeploymentPostprocessing = 0;
		};
/* End PBXFrameworksBuildPhase section */

/* Begin PBXGroup section */
		046C63B223718B04009BFE4A /* ViewControllers */ = {
			isa = PBXGroup;
			children = (
				04A78E15235831CE000E1A58 /* InstagramViewController.h */,
				04A78E16235831CE000E1A58 /* InstagramViewController.m */,
				048FFD08235884BF00AC61EF /* DownloadProgressViewController.h */,
				048FFD09235884BF00AC61EF /* DownloadProgressViewController.m */,
				046C63AF23716668009BFE4A /* YoutubeViewController.h */,
				046C63B023716668009BFE4A /* YoutubeViewController.m */,
			);
			path = ViewControllers;
			sourceTree = "<group>";
		};
		046C63B323718B23009BFE4A /* Tool */ = {
			isa = PBXGroup;
			children = (
				0437E80A2368044F00C8B885 /* VideoReCoderTool.h */,
				0437E80B2368044F00C8B885 /* VideoReCoderTool.m */,
				04E03DBC236938720047FC43 /* PhotosTool.h */,
				04E03DBD236938720047FC43 /* PhotosTool.m */,
				04116DC6238525FA00D8BA48 /* ColorUtils.h */,
				04116DC7238525FA00D8BA48 /* ColorUtils.m */,
			);
			path = Tool;
			sourceTree = "<group>";
		};
		046C63B423718B2B009BFE4A /* Views */ = {
			isa = PBXGroup;
			children = (
				048120A7237195D200B4056D /* YoutubeFormatCell.h */,
				048120A8237195D200B4056D /* YoutubeFormatCell.m */,
				04C803452351A5FE005464B5 /* ToastView.h */,
				04C803462351A5FE005464B5 /* ToastView.m */,
				04C8034E2351CD5C005464B5 /* MissionCell.h */,
				04C8034F2351CD5C005464B5 /* MissionCell.m */,
			);
			path = Views;
			sourceTree = "<group>";
		};
		046C63B523718B31009BFE4A /* Download */ = {
			isa = PBXGroup;
			children = (
				045A28BC2373BF750012EB28 /* WKDownLoadManager.h */,
				045A28BD2373BF750012EB28 /* WKDownLoadManager.m */,
				045A28BF2373BFA90012EB28 /* WKDownLoadTask.h */,
				045A28C02373BFA90012EB28 /* WKDownLoadTask.m */,
				04116DC32383ED0300D8BA48 /* WKUrlToModelTransform.h */,
				04116DC42383ED0300D8BA48 /* WKUrlToModelTransform.m */,
			);
			path = Download;
			sourceTree = "<group>";
		};
		04C803042351A068005464B5 = {
			isa = PBXGroup;
			children = (
				04C8030F2351A069005464B5 /* InsgramDownLoader */,
				04C8032B2351A06B005464B5 /* InsgramDownLoaderTests */,
				04C803362351A06C005464B5 /* InsgramDownLoaderUITests */,
				04C8030E2351A069005464B5 /* Products */,
			);
			sourceTree = "<group>";
		};
		04C8030E2351A069005464B5 /* Products */ = {
			isa = PBXGroup;
			children = (
				04C8030D2351A069005464B5 /* InsgramDownLoader.app */,
				04C803282351A06B005464B5 /* InsgramDownLoaderTests.xctest */,
				04C803332351A06C005464B5 /* InsgramDownLoaderUITests.xctest */,
			);
			name = Products;
			sourceTree = "<group>";
		};
		04C8030F2351A069005464B5 /* InsgramDownLoader */ = {
			isa = PBXGroup;
			children = (
				04C803102351A069005464B5 /* AppDelegate.h */,
				04C803112351A069005464B5 /* AppDelegate.m */,
				046C63B523718B31009BFE4A /* Download */,
				046C63B423718B2B009BFE4A /* Views */,
				046C63B323718B23009BFE4A /* Tool */,
				046C63B223718B04009BFE4A /* ViewControllers */,
				04C803192351A069005464B5 /* Main.storyboard */,
				04C8031C2351A06B005464B5 /* Assets.xcassets */,
				04C8031E2351A06B005464B5 /* LaunchScreen.storyboard */,
				04C803212351A06B005464B5 /* Info.plist */,
				04C803222351A06B005464B5 /* main.m */,
			);
			path = InsgramDownLoader;
			sourceTree = "<group>";
		};
		04C8032B2351A06B005464B5 /* InsgramDownLoaderTests */ = {
			isa = PBXGroup;
			children = (
				04C8032C2351A06C005464B5 /* InsgramDownLoaderTests.m */,
				04C8032E2351A06C005464B5 /* Info.plist */,
			);
			path = InsgramDownLoaderTests;
			sourceTree = "<group>";
		};
		04C803362351A06C005464B5 /* InsgramDownLoaderUITests */ = {
			isa = PBXGroup;
			children = (
				04C803372351A06C005464B5 /* InsgramDownLoaderUITests.m */,
				04C803392351A06C005464B5 /* Info.plist */,
			);
			path = InsgramDownLoaderUITests;
			sourceTree = "<group>";
		};
/* End PBXGroup section */

/* Begin PBXNativeTarget section */
		04C8030C2351A069005464B5 /* InsgramDownLoader */ = {
			isa = PBXNativeTarget;
			buildConfigurationList = 04C8033C2351A06C005464B5 /* Build configuration list for PBXNativeTarget "InsgramDownLoader" */;
			buildPhases = (
				04C803092351A069005464B5 /* Sources */,
				04C8030A2351A069005464B5 /* Frameworks */,
				04C8030B2351A069005464B5 /* Resources */,
			);
			buildRules = (
			);
			dependencies = (
			);
			name = InsgramDownLoader;
			productName = InsgramDownLoader;
			productReference = 04C8030D2351A069005464B5 /* InsgramDownLoader.app */;
			productType = "com.apple.product-type.application";
		};
		04C803272351A06B005464B5 /* InsgramDownLoaderTests */ = {
			isa = PBXNativeTarget;
			buildConfigurationList = 04C8033F2351A06C005464B5 /* Build configuration list for PBXNativeTarget "InsgramDownLoaderTests" */;
			buildPhases = (
				04C803242351A06B005464B5 /* Sources */,
				04C803252351A06B005464B5 /* Frameworks */,
				04C803262351A06B005464B5 /* Resources */,
			);
			buildRules = (
			);
			dependencies = (
				04C8032A2351A06B005464B5 /* PBXTargetDependency */,
			);
			name = InsgramDownLoaderTests;
			productName = InsgramDownLoaderTests;
			productReference = 04C803282351A06B005464B5 /* InsgramDownLoaderTests.xctest */;
			productType = "com.apple.product-type.bundle.unit-test";
		};
		04C803322351A06C005464B5 /* InsgramDownLoaderUITests */ = {
			isa = PBXNativeTarget;
			buildConfigurationList = 04C803422351A06C005464B5 /* Build configuration list for PBXNativeTarget "InsgramDownLoaderUITests" */;
			buildPhases = (
				04C8032F2351A06C005464B5 /* Sources */,
				04C803302351A06C005464B5 /* Frameworks */,
				04C803312351A06C005464B5 /* Resources */,
			);
			buildRules = (
			);
			dependencies = (
				04C803352351A06C005464B5 /* PBXTargetDependency */,
			);
			name = InsgramDownLoaderUITests;
			productName = InsgramDownLoaderUITests;
			productReference = 04C803332351A06C005464B5 /* InsgramDownLoaderUITests.xctest */;
			productType = "com.apple.product-type.bundle.ui-testing";
		};
/* End PBXNativeTarget section */

/* Begin PBXProject section */
		04C803052351A068005464B5 /* Project object */ = {
			isa = PBXProject;
			attributes = {
				LastUpgradeCheck = 1100;
				ORGANIZATIONNAME = leke;
				TargetAttributes = {
					04C8030C2351A069005464B5 = {
						CreatedOnToolsVersion = 11.0;
					};
					04C803272351A06B005464B5 = {
						CreatedOnToolsVersion = 11.0;
						TestTargetID = 04C8030C2351A069005464B5;
					};
					04C803322351A06C005464B5 = {
						CreatedOnToolsVersion = 11.0;
						TestTargetID = 04C8030C2351A069005464B5;
					};
				};
			};
			buildConfigurationList = 04C803082351A068005464B5 /* Build configuration list for PBXProject "InsgramDownLoader" */;
			compatibilityVersion = "Xcode 9.3";
			developmentRegion = en;
			hasScannedForEncodings = 0;
			knownRegions = (
				en,
				Base,
			);
			mainGroup = 04C803042351A068005464B5;
			productRefGroup = 04C8030E2351A069005464B5 /* Products */;
			projectDirPath = "";
			projectRoot = "";
			targets = (
				04C8030C2351A069005464B5 /* InsgramDownLoader */,
				04C803272351A06B005464B5 /* InsgramDownLoaderTests */,
				04C803322351A06C005464B5 /* InsgramDownLoaderUITests */,
			);
		};
/* End PBXProject section */

/* Begin PBXResourcesBuildPhase section */
		04C8030B2351A069005464B5 /* Resources */ = {
			isa = PBXResourcesBuildPhase;
			buildActionMask = 2147483647;
			files = (
				04C803202351A06B005464B5 /* LaunchScreen.storyboard in Resources */,
				04C8031D2351A06B005464B5 /* Assets.xcassets in Resources */,
				04C8031B2351A069005464B5 /* Main.storyboard in Resources */,
			);
			runOnlyForDeploymentPostprocessing = 0;
		};
		04C803262351A06B005464B5 /* Resources */ = {
			isa = PBXResourcesBuildPhase;
			buildActionMask = 2147483647;
			files = (
			);
			runOnlyForDeploymentPostprocessing = 0;
		};
		04C803312351A06C005464B5 /* Resources */ = {
			isa = PBXResourcesBuildPhase;
			buildActionMask = 2147483647;
			files = (
			);
			runOnlyForDeploymentPostprocessing = 0;
		};
/* End PBXResourcesBuildPhase section */

/* Begin PBXSourcesBuildPhase section */
		04C803092351A069005464B5 /* Sources */ = {
			isa = PBXSourcesBuildPhase;
			buildActionMask = 2147483647;
			files = (
				048120A9237195D200B4056D /* YoutubeFormatCell.m in Sources */,
				04C803472351A5FE005464B5 /* ToastView.m in Sources */,
				048FFD0A235884BF00AC61EF /* DownloadProgressViewController.m in Sources */,
				0437E80C2368044F00C8B885 /* VideoReCoderTool.m in Sources */,
				04C803122351A069005464B5 /* AppDelegate.m in Sources */,
				045A28C12373BFA90012EB28 /* WKDownLoadTask.m in Sources */,
				04C803502351CD5C005464B5 /* MissionCell.m in Sources */,
				04E03DBE236938720047FC43 /* PhotosTool.m in Sources */,
				04116DC52383ED0300D8BA48 /* WKUrlToModelTransform.m in Sources */,
				04116DC8238525FB00D8BA48 /* ColorUtils.m in Sources */,
				046C63B123716668009BFE4A /* YoutubeViewController.m in Sources */,
				04A78E17235831CE000E1A58 /* InstagramViewController.m in Sources */,
				045A28BE2373BF750012EB28 /* WKDownLoadManager.m in Sources */,
				04C803232351A06B005464B5 /* main.m in Sources */,
			);
			runOnlyForDeploymentPostprocessing = 0;
		};
		04C803242351A06B005464B5 /* Sources */ = {
			isa = PBXSourcesBuildPhase;
			buildActionMask = 2147483647;
			files = (
				04C8032D2351A06C005464B5 /* InsgramDownLoaderTests.m in Sources */,
			);
			runOnlyForDeploymentPostprocessing = 0;
		};
		04C8032F2351A06C005464B5 /* Sources */ = {
			isa = PBXSourcesBuildPhase;
			buildActionMask = 2147483647;
			files = (
				04C803382351A06C005464B5 /* InsgramDownLoaderUITests.m in Sources */,
			);
			runOnlyForDeploymentPostprocessing = 0;
		};
/* End PBXSourcesBuildPhase section */

/* Begin PBXTargetDependency section */
		04C8032A2351A06B005464B5 /* PBXTargetDependency */ = {
			isa = PBXTargetDependency;
			target = 04C8030C2351A069005464B5 /* InsgramDownLoader */;
			targetProxy = 04C803292351A06B005464B5 /* PBXContainerItemProxy */;
		};
		04C803352351A06C005464B5 /* PBXTargetDependency */ = {
			isa = PBXTargetDependency;
			target = 04C8030C2351A069005464B5 /* InsgramDownLoader */;
			targetProxy = 04C803342351A06C005464B5 /* PBXContainerItemProxy */;
		};
/* End PBXTargetDependency section */

/* Begin PBXVariantGroup section */
		04C803192351A069005464B5 /* Main.storyboard */ = {
			isa = PBXVariantGroup;
			children = (
				04C8031A2351A069005464B5 /* Base */,
			);
			name = Main.storyboard;
			sourceTree = "<group>";
		};
		04C8031E2351A06B005464B5 /* LaunchScreen.storyboard */ = {
			isa = PBXVariantGroup;
			children = (
				04C8031F2351A06B005464B5 /* Base */,
			);
			name = LaunchScreen.storyboard;
			sourceTree = "<group>";
		};
/* End PBXVariantGroup section */

/* Begin XCBuildConfiguration section */
		04C8033A2351A06C005464B5 /* Debug */ = {
			isa = XCBuildConfiguration;
			buildSettings = {
				ALWAYS_SEARCH_USER_PATHS = NO;
				CLANG_ANALYZER_NONNULL = YES;
				CLANG_ANALYZER_NUMBER_OBJECT_CONVERSION = YES_AGGRESSIVE;
				CLANG_CXX_LANGUAGE_STANDARD = "gnu++14";
				CLANG_CXX_LIBRARY = "libc++";
				CLANG_ENABLE_MODULES = YES;
				CLANG_ENABLE_OBJC_ARC = YES;
				CLANG_ENABLE_OBJC_WEAK = YES;
				CLANG_WARN_BLOCK_CAPTURE_AUTORELEASING = YES;
				CLANG_WARN_BOOL_CONVERSION = YES;
				CLANG_WARN_COMMA = YES;
				CLANG_WARN_CONSTANT_CONVERSION = YES;
				CLANG_WARN_DEPRECATED_OBJC_IMPLEMENTATIONS = YES;
				CLANG_WARN_DIRECT_OBJC_ISA_USAGE = YES_ERROR;
				CLANG_WARN_DOCUMENTATION_COMMENTS = YES;
				CLANG_WARN_EMPTY_BODY = YES;
				CLANG_WARN_ENUM_CONVERSION = YES;
				CLANG_WARN_INFINITE_RECURSION = YES;
				CLANG_WARN_INT_CONVERSION = YES;
				CLANG_WARN_NON_LITERAL_NULL_CONVERSION = YES;
				CLANG_WARN_OBJC_IMPLICIT_RETAIN_SELF = YES;
				CLANG_WARN_OBJC_LITERAL_CONVERSION = YES;
				CLANG_WARN_OBJC_ROOT_CLASS = YES_ERROR;
				CLANG_WARN_RANGE_LOOP_ANALYSIS = YES;
				CLANG_WARN_STRICT_PROTOTYPES = YES;
				CLANG_WARN_SUSPICIOUS_MOVE = YES;
				CLANG_WARN_UNGUARDED_AVAILABILITY = YES_AGGRESSIVE;
				CLANG_WARN_UNREACHABLE_CODE = YES;
				CLANG_WARN__DUPLICATE_METHOD_MATCH = YES;
				COPY_PHASE_STRIP = NO;
				DEBUG_INFORMATION_FORMAT = dwarf;
				ENABLE_STRICT_OBJC_MSGSEND = YES;
				ENABLE_TESTABILITY = YES;
				GCC_C_LANGUAGE_STANDARD = gnu11;
				GCC_DYNAMIC_NO_PIC = NO;
				GCC_NO_COMMON_BLOCKS = YES;
				GCC_OPTIMIZATION_LEVEL = 0;
				GCC_PREPROCESSOR_DEFINITIONS = (
					"DEBUG=1",
					"$(inherited)",
				);
				GCC_WARN_64_TO_32_BIT_CONVERSION = YES;
				GCC_WARN_ABOUT_RETURN_TYPE = YES_ERROR;
				GCC_WARN_UNDECLARED_SELECTOR = YES;
				GCC_WARN_UNINITIALIZED_AUTOS = YES_AGGRESSIVE;
				GCC_WARN_UNUSED_FUNCTION = YES;
				GCC_WARN_UNUSED_VARIABLE = YES;
				IPHONEOS_DEPLOYMENT_TARGET = 13.0;
				MTL_ENABLE_DEBUG_INFO = INCLUDE_SOURCE;
				MTL_FAST_MATH = YES;
				ONLY_ACTIVE_ARCH = YES;
				SDKROOT = iphoneos;
			};
			name = Debug;
		};
		04C8033B2351A06C005464B5 /* Release */ = {
			isa = XCBuildConfiguration;
			buildSettings = {
				ALWAYS_SEARCH_USER_PATHS = NO;
				CLANG_ANALYZER_NONNULL = YES;
				CLANG_ANALYZER_NUMBER_OBJECT_CONVERSION = YES_AGGRESSIVE;
				CLANG_CXX_LANGUAGE_STANDARD = "gnu++14";
				CLANG_CXX_LIBRARY = "libc++";
				CLANG_ENABLE_MODULES = YES;
				CLANG_ENABLE_OBJC_ARC = YES;
				CLANG_ENABLE_OBJC_WEAK = YES;
				CLANG_WARN_BLOCK_CAPTURE_AUTORELEASING = YES;
				CLANG_WARN_BOOL_CONVERSION = YES;
				CLANG_WARN_COMMA = YES;
				CLANG_WARN_CONSTANT_CONVERSION = YES;
				CLANG_WARN_DEPRECATED_OBJC_IMPLEMENTATIONS = YES;
				CLANG_WARN_DIRECT_OBJC_ISA_USAGE = YES_ERROR;
				CLANG_WARN_DOCUMENTATION_COMMENTS = YES;
				CLANG_WARN_EMPTY_BODY = YES;
				CLANG_WARN_ENUM_CONVERSION = YES;
				CLANG_WARN_INFINITE_RECURSION = YES;
				CLANG_WARN_INT_CONVERSION = YES;
				CLANG_WARN_NON_LITERAL_NULL_CONVERSION = YES;
				CLANG_WARN_OBJC_IMPLICIT_RETAIN_SELF = YES;
				CLANG_WARN_OBJC_LITERAL_CONVERSION = YES;
				CLANG_WARN_OBJC_ROOT_CLASS = YES_ERROR;
				CLANG_WARN_RANGE_LOOP_ANALYSIS = YES;
				CLANG_WARN_STRICT_PROTOTYPES = YES;
				CLANG_WARN_SUSPICIOUS_MOVE = YES;
				CLANG_WARN_UNGUARDED_AVAILABILITY = YES_AGGRESSIVE;
				CLANG_WARN_UNREACHABLE_CODE = YES;
				CLANG_WARN__DUPLICATE_METHOD_MATCH = YES;
				COPY_PHASE_STRIP = NO;
				DEBUG_INFORMATION_FORMAT = "dwarf-with-dsym";
				ENABLE_NS_ASSERTIONS = NO;
				ENABLE_STRICT_OBJC_MSGSEND = YES;
				GCC_C_LANGUAGE_STANDARD = gnu11;
				GCC_NO_COMMON_BLOCKS = YES;
				GCC_WARN_64_TO_32_BIT_CONVERSION = YES;
				GCC_WARN_ABOUT_RETURN_TYPE = YES_ERROR;
				GCC_WARN_UNDECLARED_SELECTOR = YES;
				GCC_WARN_UNINITIALIZED_AUTOS = YES_AGGRESSIVE;
				GCC_WARN_UNUSED_FUNCTION = YES;
				GCC_WARN_UNUSED_VARIABLE = YES;
				IPHONEOS_DEPLOYMENT_TARGET = 13.0;
				MTL_ENABLE_DEBUG_INFO = NO;
				MTL_FAST_MATH = YES;
				SDKROOT = iphoneos;
				VALIDATE_PRODUCT = YES;
			};
			name = Release;
		};
		04C8033D2351A06C005464B5 /* Debug */ = {
			isa = XCBuildConfiguration;
			buildSettings = {
				ASSETCATALOG_COMPILER_APPICON_NAME = AppIcon;
				CODE_SIGN_STYLE = Automatic;
				DEVELOPMENT_TEAM = LVG757V5R7;
				INFOPLIST_FILE = InsgramDownLoader/Info.plist;
				IPHONEOS_DEPLOYMENT_TARGET = 9.0;
				LD_RUNPATH_SEARCH_PATHS = (
					"$(inherited)",
					"@executable_path/Frameworks",
				);
				PRODUCT_BUNDLE_IDENTIFIER = com.leke.InsgramDownLoader;
				PRODUCT_NAME = "$(TARGET_NAME)";
				TARGETED_DEVICE_FAMILY = "1,2";
			};
			name = Debug;
		};
		04C8033E2351A06C005464B5 /* Release */ = {
			isa = XCBuildConfiguration;
			buildSettings = {
				ASSETCATALOG_COMPILER_APPICON_NAME = AppIcon;
				CODE_SIGN_STYLE = Automatic;
				DEVELOPMENT_TEAM = 4QV4GUFD68;
				INFOPLIST_FILE = InsgramDownLoader/Info.plist;
				IPHONEOS_DEPLOYMENT_TARGET = 9.0;
				LD_RUNPATH_SEARCH_PATHS = (
					"$(inherited)",
					"@executable_path/Frameworks",
				);
				PRODUCT_BUNDLE_IDENTIFIER = com.leke.InsgramDownLoader;
				PRODUCT_NAME = "$(TARGET_NAME)";
				TARGETED_DEVICE_FAMILY = "1,2";
			};
			name = Release;
		};
		04C803402351A06C005464B5 /* Debug */ = {
			isa = XCBuildConfiguration;
			buildSettings = {
				BUNDLE_LOADER = "$(TEST_HOST)";
				CODE_SIGN_STYLE = Automatic;
				INFOPLIST_FILE = InsgramDownLoaderTests/Info.plist;
				IPHONEOS_DEPLOYMENT_TARGET = 13.0;
				LD_RUNPATH_SEARCH_PATHS = (
					"$(inherited)",
					"@executable_path/Frameworks",
					"@loader_path/Frameworks",
				);
				PRODUCT_BUNDLE_IDENTIFIER = com.leke.InsgramDownLoaderTests;
				PRODUCT_NAME = "$(TARGET_NAME)";
				TARGETED_DEVICE_FAMILY = "1,2";
				TEST_HOST = "$(BUILT_PRODUCTS_DIR)/InsgramDownLoader.app/InsgramDownLoader";
			};
			name = Debug;
		};
		04C803412351A06C005464B5 /* Release */ = {
			isa = XCBuildConfiguration;
			buildSettings = {
				BUNDLE_LOADER = "$(TEST_HOST)";
				CODE_SIGN_STYLE = Automatic;
				INFOPLIST_FILE = InsgramDownLoaderTests/Info.plist;
				IPHONEOS_DEPLOYMENT_TARGET = 13.0;
				LD_RUNPATH_SEARCH_PATHS = (
					"$(inherited)",
					"@executable_path/Frameworks",
					"@loader_path/Frameworks",
				);
				PRODUCT_BUNDLE_IDENTIFIER = com.leke.InsgramDownLoaderTests;
				PRODUCT_NAME = "$(TARGET_NAME)";
				TARGETED_DEVICE_FAMILY = "1,2";
				TEST_HOST = "$(BUILT_PRODUCTS_DIR)/InsgramDownLoader.app/InsgramDownLoader";
			};
			name = Release;
		};
		04C803432351A06C005464B5 /* Debug */ = {
			isa = XCBuildConfiguration;
			buildSettings = {
				CODE_SIGN_STYLE = Automatic;
				INFOPLIST_FILE = InsgramDownLoaderUITests/Info.plist;
				LD_RUNPATH_SEARCH_PATHS = (
					"$(inherited)",
					"@executable_path/Frameworks",
					"@loader_path/Frameworks",
				);
				PRODUCT_BUNDLE_IDENTIFIER = com.leke.InsgramDownLoaderUITests;
				PRODUCT_NAME = "$(TARGET_NAME)";
				TARGETED_DEVICE_FAMILY = "1,2";
				TEST_TARGET_NAME = InsgramDownLoader;
			};
			name = Debug;
		};
		04C803442351A06C005464B5 /* Release */ = {
			isa = XCBuildConfiguration;
			buildSettings = {
				CODE_SIGN_STYLE = Automatic;
				INFOPLIST_FILE = InsgramDownLoaderUITests/Info.plist;
				LD_RUNPATH_SEARCH_PATHS = (
					"$(inherited)",
					"@executable_path/Frameworks",
					"@loader_path/Frameworks",
				);
				PRODUCT_BUNDLE_IDENTIFIER = com.leke.InsgramDownLoaderUITests;
				PRODUCT_NAME = "$(TARGET_NAME)";
				TARGETED_DEVICE_FAMILY = "1,2";
				TEST_TARGET_NAME = InsgramDownLoader;
			};
			name = Release;
		};
/* End XCBuildConfiguration section */

/* Begin XCConfigurationList section */
		04C803082351A068005464B5 /* Build configuration list for PBXProject "InsgramDownLoader" */ = {
			isa = XCConfigurationList;
			buildConfigurations = (
				04C8033A2351A06C005464B5 /* Debug */,
				04C8033B2351A06C005464B5 /* Release */,
			);
			defaultConfigurationIsVisible = 0;
			defaultConfigurationName = Release;
		};
		04C8033C2351A06C005464B5 /* Build configuration list for PBXNativeTarget "InsgramDownLoader" */ = {
			isa = XCConfigurationList;
			buildConfigurations = (
				04C8033D2351A06C005464B5 /* Debug */,
				04C8033E2351A06C005464B5 /* Release */,
			);
			defaultConfigurationIsVisible = 0;
			defaultConfigurationName = Release;
		};
		04C8033F2351A06C005464B5 /* Build configuration list for PBXNativeTarget "InsgramDownLoaderTests" */ = {
			isa = XCConfigurationList;
			buildConfigurations = (
				04C803402351A06C005464B5 /* Debug */,
				04C803412351A06C005464B5 /* Release */,
			);
			defaultConfigurationIsVisible = 0;
			defaultConfigurationName = Release;
		};
		04C803422351A06C005464B5 /* Build configuration list for PBXNativeTarget "InsgramDownLoaderUITests" */ = {
			isa = XCConfigurationList;
			buildConfigurations = (
				04C803432351A06C005464B5 /* Debug */,
				04C803442351A06C005464B5 /* Release */,
			);
			defaultConfigurationIsVisible = 0;
			defaultConfigurationName = Release;
		};
/* End XCConfigurationList section */
	};
	rootObject = 04C803052351A068005464B5 /* Project object */;
}
